
Microsoft Visual Studio Solution File, Format Version 12.00
# Visual Studio Version 17
VisualStudioVersion = 17.5.33627.172
MinimumVisualStudioVersion = 10.0.40219.1
Project("{FAE04EC0-301F-11D3-BF4B-00C04F79EFBC}") = "Bookstore.Api", "Bookstore.Api\Bookstore.Api.csproj", "{355D6912-D375-4811-8772-C6D0D8D7525E}"
EndProject
Project("{FAE04EC0-301F-11D3-BF4B-00C04F79EFBC}") = "Bookstore.Api.Common", "Bookstore.Api.Common\Bookstore.Api.Common.csproj", "{6C43A55B-79E5-462A-85DE-00E76CB9AF8B}"
EndProject
Project("{FAE04EC0-301F-11D3-BF4B-00C04F79EFBC}") = "Bookstore.Api.Services", "Bookstore.Api.Services\Bookstore.Api.Services.csproj", "{761DC1B8-3230-4352-A658-8FEB892C0085}"
EndProject
Global
	GlobalSection(SolutionConfigurationPlatforms) = preSolution
		Debug|Any CPU = Debug|Any CPU
		Release|Any CPU = Release|Any CPU
	EndGlobalSection
	GlobalSection(ProjectConfigurationPlatforms) = postSolution
		{355D6912-D375-4811-8772-C6D0D8D7525E}.Debug|Any CPU.ActiveCfg = Debug|Any CPU
		{355D6912-D375-4811-8772-C6D0D8D7525E}.Debug|Any CPU.Build.0 = Debug|Any CPU
		{355D6912-D375-4811-8772-C6D0D8D7525E}.Release|Any CPU.ActiveCfg = Release|Any CPU
		{355D6912-D375-4811-8772-C6D0D8D7525E}.Release|Any CPU.Build.0 = Release|Any CPU
		{6C43A55B-79E5-462A-85DE-00E76CB9AF8B}.Debug|Any CPU.ActiveCfg = Debug|Any CPU
		{6C43A55B-79E5-462A-85DE-00E76CB9AF8B}.Debug|Any CPU.Build.0 = Debug|Any CPU
		{6C43A55B-79E5-462A-85DE-00E76CB9AF8B}.Release|Any CPU.ActiveCfg = Release|Any CPU
		{6C43A55B-79E5-462A-85DE-00E76CB9AF8B}.Release|Any CPU.Build.0 = Release|Any CPU
		{761DC1B8-3230-4352-A658-8FEB892C0085}.Debug|Any CPU.ActiveCfg = Debug|Any CPU
		{761DC1B8-3230-4352-A658-8FEB892C0085}.Debug|Any CPU.Build.0 = Debug|Any CPU
		{761DC1B8-3230-4352-A658-8FEB892C0085}.Release|Any CPU.ActiveCfg = Release|Any CPU
		{761DC1B8-3230-4352-A658-8FEB892C0085}.Release|Any CPU.Build.0 = Release|Any CPU
	EndGlobalSection
	GlobalSection(SolutionProperties) = preSolution
		HideSolutionNode = FALSE
	EndGlobalSection
	GlobalSection(ExtensibilityGlobals) = postSolution
		SolutionGuid = {10BA5570-3F6F-4EE1-A075-9DE301B6AC44}
	EndGlobalSection
EndGlobal
